{
    "_meta": {
        "hash": {
            "sha256": "8f998c4a9b1239b84b91093648cae78b9268063f7e15ebbc8c985adfefcd7230"
        },
        "pipfile-spec": 6,
        "requires": {
            "python_version": "3.8"
        },
        "sources": [
            {
                "name": "pypi",
                "url": "https://pypi.org/simple",
                "verify_ssl": true
            }
        ]
    },
    "default": {
        "packages": {
            "hashes": [
                "sha256:0f9116b42fcda9e4c20c23fffecd04fea552f4231cb42ee0e970a66127a2195c",
                "sha256:31f14822956bc62f8d9e1da2f80d863dabf9d70d3c5c03443389f901a0a267c7"
            ],
            "index": "pypi",
            "version": "==0.1.0"
        }
    },
    "develop": {}
}
